// !$*UTF8*$!
{
	archiveVersion = 1;
	classes = {
	};
	objectVersion = 56;
	objects = {

/* Begin PBXBuildFile section */
		814635282BC01754005F23EF /* SalesView.swift in Sources */ = {isa = PBXBuildFile; fileRef = 814635272BC01754005F23EF /* SalesView.swift */; };
		8146352A2BC028DC005F23EF /* VolumeView.swift in Sources */ = {isa = PBXBuildFile; fileRef = 814635292BC028DC005F23EF /* VolumeView.swift */; };
		817D0EB52BBC93E100A2D8F8 /* AppSetup.swift in Sources */ = {isa = PBXBuildFile; fileRef = 817D0EB42BBC93E100A2D8F8 /* AppSetup.swift */; };
		819097762BBB30DE000C2F3A /* NintendoHistoryApp.swift in Sources */ = {isa = PBXBuildFile; fileRef = 819097752BBB30DE000C2F3A /* NintendoHistoryApp.swift */; };
		8190977A2BBB30E0000C2F3A /* Assets.xcassets in Resources */ = {isa = PBXBuildFile; fileRef = 819097792BBB30E0000C2F3A /* Assets.xcassets */; };
		8190977D2BBB30E0000C2F3A /* Preview Assets.xcassets in Resources */ = {isa = PBXBuildFile; fileRef = 8190977C2BBB30E0000C2F3A /* Preview Assets.xcassets */; };
		819097862BBB30F4000C2F3A /* Post.swift in Sources */ = {isa = PBXBuildFile; fileRef = 819097852BBB30F4000C2F3A /* Post.swift */; };
		819097882BBB3AEE000C2F3A /* InfoView.swift in Sources */ = {isa = PBXBuildFile; fileRef = 819097872BBB3AEE000C2F3A /* InfoView.swift */; };
		8190978A2BBB3E29000C2F3A /* InfoRow.swift in Sources */ = {isa = PBXBuildFile; fileRef = 819097892BBB3E29000C2F3A /* InfoRow.swift */; };
		8190978C2BBB4176000C2F3A /* InfoDetails.swift in Sources */ = {isa = PBXBuildFile; fileRef = 8190978B2BBB4176000C2F3A /* InfoDetails.swift */; };
		819097902BBB43CC000C2F3A /* ContentView.swift in Sources */ = {isa = PBXBuildFile; fileRef = 8190978F2BBB43CC000C2F3A /* ContentView.swift */; };
		819097922BBB44F9000C2F3A /* StatisticsView.swift in Sources */ = {isa = PBXBuildFile; fileRef = 819097912BBB44F9000C2F3A /* StatisticsView.swift */; };
		819097972BBB45CC000C2F3A /* SettingsView.swift in Sources */ = {isa = PBXBuildFile; fileRef = 819097962BBB45CC000C2F3A /* SettingsView.swift */; };
/* End PBXBuildFile section */

/* Begin PBXFileReference section */
		814635272BC01754005F23EF /* SalesView.swift */ = {isa = PBXFileReference; lastKnownFileType = sourcecode.swift; path = SalesView.swift; sourceTree = "<group>"; };
		814635292BC028DC005F23EF /* VolumeView.swift */ = {isa = PBXFileReference; lastKnownFileType = sourcecode.swift; path = VolumeView.swift; sourceTree = "<group>"; };
		817D0EB42BBC93E100A2D8F8 /* AppSetup.swift */ = {isa = PBXFileReference; lastKnownFileType = sourcecode.swift; path = AppSetup.swift; sourceTree = "<group>"; };
		819097722BBB30DE000C2F3A /* NintendoHistory.app */ = {isa = PBXFileReference; explicitFileType = wrapper.application; includeInIndex = 0; path = NintendoHistory.app; sourceTree = BUILT_PRODUCTS_DIR; };
		819097752BBB30DE000C2F3A /* NintendoHistoryApp.swift */ = {isa = PBXFileReference; lastKnownFileType = sourcecode.swift; path = NintendoHistoryApp.swift; sourceTree = "<group>"; };
		819097792BBB30E0000C2F3A /* Assets.xcassets */ = {isa = PBXFileReference; lastKnownFileType = folder.assetcatalog; path = Assets.xcassets; sourceTree = "<group>"; };
		8190977C2BBB30E0000C2F3A /* Preview Assets.xcassets */ = {isa = PBXFileReference; lastKnownFileType = folder.assetcatalog; path = "Preview Assets.xcassets"; sourceTree = "<group>"; };
		819097852BBB30F4000C2F3A /* Post.swift */ = {isa = PBXFileReference; lastKnownFileType = sourcecode.swift; path = Post.swift; sourceTree = "<group>"; };
		819097872BBB3AEE000C2F3A /* InfoView.swift */ = {isa = PBXFileReference; lastKnownFileType = sourcecode.swift; path = InfoView.swift; sourceTree = "<group>"; };
		819097892BBB3E29000C2F3A /* InfoRow.swift */ = {isa = PBXFileReference; lastKnownFileType = sourcecode.swift; path = InfoRow.swift; sourceTree = "<group>"; };
		8190978B2BBB4176000C2F3A /* InfoDetails.swift */ = {isa = PBXFileReference; lastKnownFileType = sourcecode.swift; path = InfoDetails.swift; sourceTree = "<group>"; };
		8190978F2BBB43CC000C2F3A /* ContentView.swift */ = {isa = PBXFileReference; lastKnownFileType = sourcecode.swift; path = ContentView.swift; sourceTree = "<group>"; };
		819097912BBB44F9000C2F3A /* StatisticsView.swift */ = {isa = PBXFileReference; lastKnownFileType = sourcecode.swift; path = StatisticsView.swift; sourceTree = "<group>"; };
		819097962BBB45CC000C2F3A /* SettingsView.swift */ = {isa = PBXFileReference; lastKnownFileType = sourcecode.swift; path = SettingsView.swift; sourceTree = "<group>"; };
/* End PBXFileReference section */

/* Begin PBXFrameworksBuildPhase section */
		8190976F2BBB30DE000C2F3A /* Frameworks */ = {
			isa = PBXFrameworksBuildPhase;
			buildActionMask = 2147483647;
			files = (
			);
			runOnlyForDeploymentPostprocessing = 0;
		};
/* End PBXFrameworksBuildPhase section */

/* Begin PBXGroup section */
		819097692BBB30DE000C2F3A = {
			isa = PBXGroup;
			children = (
				819097742BBB30DE000C2F3A /* NintendoHistory */,
				819097732BBB30DE000C2F3A /* Products */,
			);
			sourceTree = "<group>";
		};
		819097732BBB30DE000C2F3A /* Products */ = {
			isa = PBXGroup;
			children = (
				819097722BBB30DE000C2F3A /* NintendoHistory.app */,
			);
			name = Products;
			sourceTree = "<group>";
		};
		819097742BBB30DE000C2F3A /* NintendoHistory */ = {
			isa = PBXGroup;
			children = (
				817D0EB42BBC93E100A2D8F8 /* AppSetup.swift */,
				819097752BBB30DE000C2F3A /* NintendoHistoryApp.swift */,
				8190978F2BBB43CC000C2F3A /* ContentView.swift */,
				819097932BBB456B000C2F3A /* Info */,
				819097942BBB4576000C2F3A /* Statistics */,
				819097952BBB458F000C2F3A /* Settings */,
				819097792BBB30E0000C2F3A /* Assets.xcassets */,
				8190977B2BBB30E0000C2F3A /* Preview Content */,
			);
			path = NintendoHistory;
			sourceTree = "<group>";
		};
		8190977B2BBB30E0000C2F3A /* Preview Content */ = {
			isa = PBXGroup;
			children = (
				8190977C2BBB30E0000C2F3A /* Preview Assets.xcassets */,
			);
			path = "Preview Content";
			sourceTree = "<group>";
		};
		819097932BBB456B000C2F3A /* Info */ = {
			isa = PBXGroup;
			children = (
				819097852BBB30F4000C2F3A /* Post.swift */,
				819097872BBB3AEE000C2F3A /* InfoView.swift */,
				819097892BBB3E29000C2F3A /* InfoRow.swift */,
				8190978B2BBB4176000C2F3A /* InfoDetails.swift */,
			);
			path = Info;
			sourceTree = "<group>";
		};
		819097942BBB4576000C2F3A /* Statistics */ = {
			isa = PBXGroup;
			children = (
				819097912BBB44F9000C2F3A /* StatisticsView.swift */,
				814635272BC01754005F23EF /* SalesView.swift */,
				814635292BC028DC005F23EF /* VolumeView.swift */,
			);
			path = Statistics;
			sourceTree = "<group>";
		};
		819097952BBB458F000C2F3A /* Settings */ = {
			isa = PBXGroup;
			children = (
				819097962BBB45CC000C2F3A /* SettingsView.swift */,
			);
			path = Settings;
			sourceTree = "<group>";
		};
/* End PBXGroup section */

/* Begin PBXNativeTarget section */
		819097712BBB30DE000C2F3A /* NintendoHistory */ = {
			isa = PBXNativeTarget;
			buildConfigurationList = 819097802BBB30E0000C2F3A /* Build configuration list for PBXNativeTarget "NintendoHistory" */;
			buildPhases = (
				8190976E2BBB30DE000C2F3A /* Sources */,
				8190976F2BBB30DE000C2F3A /* Frameworks */,
				819097702BBB30DE000C2F3A /* Resources */,
			);
			buildRules = (
			);
			dependencies = (
			);
			name = NintendoHistory;
			productName = NintendoHistory;
			productReference = 819097722BBB30DE000C2F3A /* NintendoHistory.app */;
			productType = "com.apple.product-type.application";
		};
/* End PBXNativeTarget section */

/* Begin PBXProject section */
		8190976A2BBB30DE000C2F3A /* Project object */ = {
			isa = PBXProject;
			attributes = {
				BuildIndependentTargetsInParallel = 1;
				LastSwiftUpdateCheck = 1530;
				LastUpgradeCheck = 1530;
				TargetAttributes = {
					819097712BBB30DE000C2F3A = {
						CreatedOnToolsVersion = 15.3;
					};
				};
			};
			buildConfigurationList = 8190976D2BBB30DE000C2F3A /* Build configuration list for PBXProject "NintendoHistory" */;
			compatibilityVersion = "Xcode 14.0";
			developmentRegion = en;
			hasScannedForEncodings = 0;
			knownRegions = (
				en,
				Base,
			);
			mainGroup = 819097692BBB30DE000C2F3A;
			productRefGroup = 819097732BBB30DE000C2F3A /* Products */;
			projectDirPath = "";
			projectRoot = "";
			targets = (
				819097712BBB30DE000C2F3A /* NintendoHistory */,
			);
		};
/* End PBXProject section */

/* Begin PBXResourcesBuildPhase section */
		819097702BBB30DE000C2F3A /* Resources */ = {
			isa = PBXResourcesBuildPhase;
			buildActionMask = 2147483647;
			files = (
				8190977D2BBB30E0000C2F3A /* Preview Assets.xcassets in Resources */,
				8190977A2BBB30E0000C2F3A /* Assets.xcassets in Resources */,
			);
			runOnlyForDeploymentPostprocessing = 0;
		};
/* End PBXResourcesBuildPhase section */

/* Begin PBXSourcesBuildPhase section */
		8190976E2BBB30DE000C2F3A /* Sources */ = {
			isa = PBXSourcesBuildPhase;
			buildActionMask = 2147483647;
			files = (
				819097882BBB3AEE000C2F3A /* InfoView.swift in Sources */,
				819097972BBB45CC000C2F3A /* SettingsView.swift in Sources */,
				817D0EB52BBC93E100A2D8F8 /* AppSetup.swift in Sources */,
				814635282BC01754005F23EF /* SalesView.swift in Sources */,
				8146352A2BC028DC005F23EF /* VolumeView.swift in Sources */,
				819097862BBB30F4000C2F3A /* Post.swift in Sources */,
				819097902BBB43CC000C2F3A /* ContentView.swift in Sources */,
				819097762BBB30DE000C2F3A /* NintendoHistoryApp.swift in Sources */,
				8190978C2BBB4176000C2F3A /* InfoDetails.swift in Sources */,
				819097922BBB44F9000C2F3A /* StatisticsView.swift in Sources */,
				8190978A2BBB3E29000C2F3A /* InfoRow.swift in Sources */,
			);
			runOnlyForDeploymentPostprocessing = 0;
		};
/* End PBXSourcesBuildPhase section */

/* Begin XCBuildConfiguration section */
		8190977E2BBB30E0000C2F3A /* Debug */ = {
			isa = XCBuildConfiguration;
			buildSettings = {
				ALWAYS_SEARCH_USER_PATHS = NO;
				ASSETCATALOG_COMPILER_GENERATE_SWIFT_ASSET_SYMBOL_EXTENSIONS = YES;
				CLANG_ANALYZER_NONNULL = YES;
				CLANG_ANALYZER_NUMBER_OBJECT_CONVERSION = YES_AGGRESSIVE;
				CLANG_CXX_LANGUAGE_STANDARD = "gnu++20";
				CLANG_ENABLE_MODULES = YES;
				CLANG_ENABLE_OBJC_ARC = YES;
				CLANG_ENABLE_OBJC_WEAK = YES;
				CLANG_WARN_BLOCK_CAPTURE_AUTORELEASING = YES;
				CLANG_WARN_BOOL_CONVERSION = YES;
				CLANG_WARN_COMMA = YES;
				CLANG_WARN_CONSTANT_CONVERSION = YES;
				CLANG_WARN_DEPRECATED_OBJC_IMPLEMENTATIONS = YES;
				CLANG_WARN_DIRECT_OBJC_ISA_USAGE = YES_ERROR;
				CLANG_WARN_DOCUMENTATION_COMMENTS = YES;
				CLANG_WARN_EMPTY_BODY = YES;
				CLANG_WARN_ENUM_CONVERSION = YES;
				CLANG_WARN_INFINITE_RECURSION = YES;
				CLANG_WARN_INT_CONVERSION = YES;
				CLANG_WARN_NON_LITERAL_NULL_CONVERSION = YES;
				CLANG_WARN_OBJC_IMPLICIT_RETAIN_SELF = YES;
				CLANG_WARN_OBJC_LITERAL_CONVERSION = YES;
				CLANG_WARN_OBJC_ROOT_CLASS = YES_ERROR;
				CLANG_WARN_QUOTED_INCLUDE_IN_FRAMEWORK_HEADER = YES;
				CLANG_WARN_RANGE_LOOP_ANALYSIS = YES;
				CLANG_WARN_STRICT_PROTOTYPES = YES;
				CLANG_WARN_SUSPICIOUS_MOVE = YES;
				CLANG_WARN_UNGUARDED_AVAILABILITY = YES_AGGRESSIVE;
				CLANG_WARN_UNREACHABLE_CODE = YES;
				CLANG_WARN__DUPLICATE_METHOD_MATCH = YES;
				COPY_PHASE_STRIP = NO;
				DEBUG_INFORMATION_FORMAT = dwarf;
				ENABLE_STRICT_OBJC_MSGSEND = YES;
				ENABLE_TESTABILITY = YES;
				ENABLE_USER_SCRIPT_SANDBOXING = YES;
				GCC_C_LANGUAGE_STANDARD = gnu17;
				GCC_DYNAMIC_NO_PIC = NO;
				GCC_NO_COMMON_BLOCKS = YES;
				GCC_OPTIMIZATION_LEVEL = 0;
				GCC_PREPROCESSOR_DEFINITIONS = (
					"DEBUG=1",
					"$(inherited)",
				);
				GCC_WARN_64_TO_32_BIT_CONVERSION = YES;
				GCC_WARN_ABOUT_RETURN_TYPE = YES_ERROR;
				GCC_WARN_UNDECLARED_SELECTOR = YES;
				GCC_WARN_UNINITIALIZED_AUTOS = YES_AGGRESSIVE;
				GCC_WARN_UNUSED_FUNCTION = YES;
				GCC_WARN_UNUSED_VARIABLE = YES;
				IPHONEOS_DEPLOYMENT_TARGET = 17.4;
				LOCALIZATION_PREFERS_STRING_CATALOGS = YES;
				MTL_ENABLE_DEBUG_INFO = INCLUDE_SOURCE;
				MTL_FAST_MATH = YES;
				ONLY_ACTIVE_ARCH = YES;
				SDKROOT = iphoneos;
				SWIFT_ACTIVE_COMPILATION_CONDITIONS = "DEBUG $(inherited)";
				SWIFT_OPTIMIZATION_LEVEL = "-Onone";
			};
			name = Debug;
		};
		8190977F2BBB30E0000C2F3A /* Release */ = {
			isa = XCBuildConfiguration;
			buildSettings = {
				ALWAYS_SEARCH_USER_PATHS = NO;
				ASSETCATALOG_COMPILER_GENERATE_SWIFT_ASSET_SYMBOL_EXTENSIONS = YES;
				CLANG_ANALYZER_NONNULL = YES;
				CLANG_ANALYZER_NUMBER_OBJECT_CONVERSION = YES_AGGRESSIVE;
				CLANG_CXX_LANGUAGE_STANDARD = "gnu++20";
				CLANG_ENABLE_MODULES = YES;
				CLANG_ENABLE_OBJC_ARC = YES;
				CLANG_ENABLE_OBJC_WEAK = YES;
				CLANG_WARN_BLOCK_CAPTURE_AUTORELEASING = YES;
				CLANG_WARN_BOOL_CONVERSION = YES;
				CLANG_WARN_COMMA = YES;
				CLANG_WARN_CONSTANT_CONVERSION = YES;
				CLANG_WARN_DEPRECATED_OBJC_IMPLEMENTATIONS = YES;
				CLANG_WARN_DIRECT_OBJC_ISA_USAGE = YES_ERROR;
				CLANG_WARN_DOCUMENTATION_COMMENTS = YES;
				CLANG_WARN_EMPTY_BODY = YES;
				CLANG_WARN_ENUM_CONVERSION = YES;
				CLANG_WARN_INFINITE_RECURSION = YES;
				CLANG_WARN_INT_CONVERSION = YES;
				CLANG_WARN_NON_LITERAL_NULL_CONVERSION = YES;
				CLANG_WARN_OBJC_IMPLICIT_RETAIN_SELF = YES;
				CLANG_WARN_OBJC_LITERAL_CONVERSION = YES;
				CLANG_WARN_OBJC_ROOT_CLASS = YES_ERROR;
				CLANG_WARN_QUOTED_INCLUDE_IN_FRAMEWORK_HEADER = YES;
				CLANG_WARN_RANGE_LOOP_ANALYSIS = YES;
				CLANG_WARN_STRICT_PROTOTYPES = YES;
				CLANG_WARN_SUSPICIOUS_MOVE = YES;
				CLANG_WARN_UNGUARDED_AVAILABILITY = YES_AGGRESSIVE;
				CLANG_WARN_UNREACHABLE_CODE = YES;
				CLANG_WARN__DUPLICATE_METHOD_MATCH = YES;
				COPY_PHASE_STRIP = NO;
				DEBUG_INFORMATION_FORMAT = "dwarf-with-dsym";
				ENABLE_NS_ASSERTIONS = NO;
				ENABLE_STRICT_OBJC_MSGSEND = YES;
				ENABLE_USER_SCRIPT_SANDBOXING = YES;
				GCC_C_LANGUAGE_STANDARD = gnu17;
				GCC_NO_COMMON_BLOCKS = YES;
				GCC_WARN_64_TO_32_BIT_CONVERSION = YES;
				GCC_WARN_ABOUT_RETURN_TYPE = YES_ERROR;
				GCC_WARN_UNDECLARED_SELECTOR = YES;
				GCC_WARN_UNINITIALIZED_AUTOS = YES_AGGRESSIVE;
				GCC_WARN_UNUSED_FUNCTION = YES;
				GCC_WARN_UNUSED_VARIABLE = YES;
				IPHONEOS_DEPLOYMENT_TARGET = 17.4;
				LOCALIZATION_PREFERS_STRING_CATALOGS = YES;
				MTL_ENABLE_DEBUG_INFO = NO;
				MTL_FAST_MATH = YES;
				SDKROOT = iphoneos;
				SWIFT_COMPILATION_MODE = wholemodule;
				VALIDATE_PRODUCT = YES;
			};
			name = Release;
		};
		819097812BBB30E0000C2F3A /* Debug */ = {
			isa = XCBuildConfiguration;
			buildSettings = {
				ASSETCATALOG_COMPILER_APPICON_NAME = AppIcon;
				ASSETCATALOG_COMPILER_GLOBAL_ACCENT_COLOR_NAME = AccentColor;
				CODE_SIGN_STYLE = Automatic;
				CURRENT_PROJECT_VERSION = 1;
				DEVELOPMENT_ASSET_PATHS = "\"NintendoHistory/Preview Content\"";
				DEVELOPMENT_TEAM = "";
				ENABLE_PREVIEWS = YES;
				GENERATE_INFOPLIST_FILE = YES;
				INFOPLIST_KEY_UIApplicationSceneManifest_Generation = YES;
				INFOPLIST_KEY_UIApplicationSupportsIndirectInputEvents = YES;
				INFOPLIST_KEY_UILaunchScreen_Generation = YES;
				INFOPLIST_KEY_UISupportedInterfaceOrientations_iPad = "UIInterfaceOrientationPortrait UIInterfaceOrientationPortraitUpsideDown UIInterfaceOrientationLandscapeLeft UIInterfaceOrientationLandscapeRight";
				INFOPLIST_KEY_UISupportedInterfaceOrientations_iPhone = "UIInterfaceOrientationPortrait UIInterfaceOrientationLandscapeLeft UIInterfaceOrientationLandscapeRight";
				LD_RUNPATH_SEARCH_PATHS = (
					"$(inherited)",
					"@executable_path/Frameworks",
				);
				MARKETING_VERSION = 1.0;
				PRODUCT_BUNDLE_IDENTIFIER = Golovanov.NintendoHistory;
				PRODUCT_NAME = "$(TARGET_NAME)";
				SWIFT_EMIT_LOC_STRINGS = YES;
				SWIFT_VERSION = 5.0;
				TARGETED_DEVICE_FAMILY = "1,2";
			};
			name = Debug;
		};
		819097822BBB30E0000C2F3A /* Release */ = {
			isa = XCBuildConfiguration;
			buildSettings = {
				ASSETCATALOG_COMPILER_APPICON_NAME = AppIcon;
				ASSETCATALOG_COMPILER_GLOBAL_ACCENT_COLOR_NAME = AccentColor;
				CODE_SIGN_STYLE = Automatic;
				CURRENT_PROJECT_VERSION = 1;
				DEVELOPMENT_ASSET_PATHS = "\"NintendoHistory/Preview Content\"";
				DEVELOPMENT_TEAM = "";
				ENABLE_PREVIEWS = YES;
				GENERATE_INFOPLIST_FILE = YES;
				INFOPLIST_KEY_UIApplicationSceneManifest_Generation = YES;
				INFOPLIST_KEY_UIApplicationSupportsIndirectInputEvents = YES;
				INFOPLIST_KEY_UILaunchScreen_Generation = YES;
				INFOPLIST_KEY_UISupportedInterfaceOrientations_iPad = "UIInterfaceOrientationPortrait UIInterfaceOrientationPortraitUpsideDown UIInterfaceOrientationLandscapeLeft UIInterfaceOrientationLandscapeRight";
				INFOPLIST_KEY_UISupportedInterfaceOrientations_iPhone = "UIInterfaceOrientationPortrait UIInterfaceOrientationLandscapeLeft UIInterfaceOrientationLandscapeRight";
				LD_RUNPATH_SEARCH_PATHS = (
					"$(inherited)",
					"@executable_path/Frameworks",
				);
				MARKETING_VERSION = 1.0;
				PRODUCT_BUNDLE_IDENTIFIER = Golovanov.NintendoHistory;
				PRODUCT_NAME = "$(TARGET_NAME)";
				SWIFT_EMIT_LOC_STRINGS = YES;
				SWIFT_VERSION = 5.0;
				TARGETED_DEVICE_FAMILY = "1,2";
			};
			name = Release;
		};
/* End XCBuildConfiguration section */

/* Begin XCConfigurationList section */
		8190976D2BBB30DE000C2F3A /* Build configuration list for PBXProject "NintendoHistory" */ = {
			isa = XCConfigurationList;
			buildConfigurations = (
				8190977E2BBB30E0000C2F3A /* Debug */,
				8190977F2BBB30E0000C2F3A /* Release */,
			);
			defaultConfigurationIsVisible = 0;
			defaultConfigurationName = Release;
		};
		819097802BBB30E0000C2F3A /* Build configuration list for PBXNativeTarget "NintendoHistory" */ = {
			isa = XCConfigurationList;
			buildConfigurations = (
				819097812BBB30E0000C2F3A /* Debug */,
				819097822BBB30E0000C2F3A /* Release */,
			);
			defaultConfigurationIsVisible = 0;
			defaultConfigurationName = Release;
		};
/* End XCConfigurationList section */
	};
	rootObject = 8190976A2BBB30DE000C2F3A /* Project object */;
}
